// !$*UTF8*$!
{
	archiveVersion = 1;
	classes = {
	};
	objectVersion = 51;
	objects = {

/* Begin PBXBuildFile section */
		2D408F2323D9937F00D019F8 /* PosterView.swift in Sources */ = {isa = PBXBuildFile; fileRef = 2D408F2223D9937F00D019F8 /* PosterView.swift */; };
		2D408F2523D99EE700D019F8 /* File.swift in Sources */ = {isa = PBXBuildFile; fileRef = 2D408F2423D99EE700D019F8 /* File.swift */; };
		2D40D58C238FDEEE00E9D31C /* AppDelegate.swift in Sources */ = {isa = PBXBuildFile; fileRef = 2D40D58B238FDEEE00E9D31C /* AppDelegate.swift */; };
		2D40D58E238FDEEE00E9D31C /* ViewController.swift in Sources */ = {isa = PBXBuildFile; fileRef = 2D40D58D238FDEEE00E9D31C /* ViewController.swift */; };
		2D40D591238FDEEE00E9D31C /* Main.storyboard in Resources */ = {isa = PBXBuildFile; fileRef = 2D40D58F238FDEEE00E9D31C /* Main.storyboard */; };
		2D40D593238FDEF100E9D31C /* Assets.xcassets in Resources */ = {isa = PBXBuildFile; fileRef = 2D40D592238FDEF100E9D31C /* Assets.xcassets */; };
		2D40D596238FDEF100E9D31C /* LaunchScreen.storyboard in Resources */ = {isa = PBXBuildFile; fileRef = 2D40D594238FDEF100E9D31C /* LaunchScreen.storyboard */; };
		2D48162523C717F300268971 /* Choice.swift in Sources */ = {isa = PBXBuildFile; fileRef = 2D48162423C717F300268971 /* Choice.swift */; };
		2D523DF723A2316600FCA6DF /* MovieService.swift in Sources */ = {isa = PBXBuildFile; fileRef = 2D523DF623A2316600FCA6DF /* MovieService.swift */; };
		2D523DF923A23DEA00FCA6DF /* Movie.swift in Sources */ = {isa = PBXBuildFile; fileRef = 2D523DF823A23DEA00FCA6DF /* Movie.swift */; };
		2D9E726223EC03C300B3B8B8 /* MovieTestCase.swift in Sources */ = {isa = PBXBuildFile; fileRef = 2D9E726123EC03C300B3B8B8 /* MovieTestCase.swift */; };
		2DC811D523E32E19000F39C0 /* ContinuationViewController.swift in Sources */ = {isa = PBXBuildFile; fileRef = 2DC811D423E32E19000F39C0 /* ContinuationViewController.swift */; };
		2DE75AD223F010A30023BB72 /* ChoiceTestCase.swift in Sources */ = {isa = PBXBuildFile; fileRef = 2DE75AD123F010A30023BB72 /* ChoiceTestCase.swift */; };
		482A2A39690D7EBDFFC4B0B8 /* Pods_BestMovie.framework in Frameworks */ = {isa = PBXBuildFile; fileRef = EF292982D598E20E31A81045 /* Pods_BestMovie.framework */; };
/* End PBXBuildFile section */

/* Begin PBXContainerItemProxy section */
		2D9E725C23EC030200B3B8B8 /* PBXContainerItemProxy */ = {
			isa = PBXContainerItemProxy;
			containerPortal = 2D40D580238FDEEE00E9D31C /* Project object */;
			proxyType = 1;
			remoteGlobalIDString = 2D40D587238FDEEE00E9D31C;
			remoteInfo = BestMovie;
		};
/* End PBXContainerItemProxy section */

/* Begin PBXFileReference section */
		2D408F2223D9937F00D019F8 /* PosterView.swift */ = {isa = PBXFileReference; lastKnownFileType = sourcecode.swift; path = PosterView.swift; sourceTree = "<group>"; };
		2D408F2423D99EE700D019F8 /* File.swift */ = {isa = PBXFileReference; lastKnownFileType = sourcecode.swift; path = File.swift; sourceTree = "<group>"; };
		2D40D588238FDEEE00E9D31C /* BestMovie.app */ = {isa = PBXFileReference; explicitFileType = wrapper.application; includeInIndex = 0; path = BestMovie.app; sourceTree = BUILT_PRODUCTS_DIR; };
		2D40D58B238FDEEE00E9D31C /* AppDelegate.swift */ = {isa = PBXFileReference; lastKnownFileType = sourcecode.swift; path = AppDelegate.swift; sourceTree = "<group>"; };
		2D40D58D238FDEEE00E9D31C /* ViewController.swift */ = {isa = PBXFileReference; lastKnownFileType = sourcecode.swift; path = ViewController.swift; sourceTree = "<group>"; };
		2D40D590238FDEEE00E9D31C /* Base */ = {isa = PBXFileReference; lastKnownFileType = file.storyboard; name = Base; path = Base.lproj/Main.storyboard; sourceTree = "<group>"; };
		2D40D592238FDEF100E9D31C /* Assets.xcassets */ = {isa = PBXFileReference; lastKnownFileType = folder.assetcatalog; path = Assets.xcassets; sourceTree = "<group>"; };
		2D40D595238FDEF100E9D31C /* Base */ = {isa = PBXFileReference; lastKnownFileType = file.storyboard; name = Base; path = Base.lproj/LaunchScreen.storyboard; sourceTree = "<group>"; };
		2D40D597238FDEF100E9D31C /* Info.plist */ = {isa = PBXFileReference; lastKnownFileType = text.plist.xml; path = Info.plist; sourceTree = "<group>"; };
		2D48162423C717F300268971 /* Choice.swift */ = {isa = PBXFileReference; lastKnownFileType = sourcecode.swift; path = Choice.swift; sourceTree = "<group>"; };
		2D523DF623A2316600FCA6DF /* MovieService.swift */ = {isa = PBXFileReference; lastKnownFileType = sourcecode.swift; path = MovieService.swift; sourceTree = "<group>"; };
		2D523DF823A23DEA00FCA6DF /* Movie.swift */ = {isa = PBXFileReference; lastKnownFileType = sourcecode.swift; path = Movie.swift; sourceTree = "<group>"; };
		2D9E725723EC030200B3B8B8 /* BestMovieTests.xctest */ = {isa = PBXFileReference; explicitFileType = wrapper.cfbundle; includeInIndex = 0; path = BestMovieTests.xctest; sourceTree = BUILT_PRODUCTS_DIR; };
		2D9E725B23EC030200B3B8B8 /* Info.plist */ = {isa = PBXFileReference; lastKnownFileType = text.plist.xml; path = Info.plist; sourceTree = "<group>"; };
		2D9E726123EC03C300B3B8B8 /* MovieTestCase.swift */ = {isa = PBXFileReference; lastKnownFileType = sourcecode.swift; path = MovieTestCase.swift; sourceTree = "<group>"; };
		2DC811D423E32E19000F39C0 /* ContinuationViewController.swift */ = {isa = PBXFileReference; lastKnownFileType = sourcecode.swift; path = ContinuationViewController.swift; sourceTree = "<group>"; };
		2DE75AD123F010A30023BB72 /* ChoiceTestCase.swift */ = {isa = PBXFileReference; lastKnownFileType = sourcecode.swift; path = ChoiceTestCase.swift; sourceTree = "<group>"; };
		4C8799CB758DEA48C539EAE7 /* Pods-BestMovie.debug.xcconfig */ = {isa = PBXFileReference; includeInIndex = 1; lastKnownFileType = text.xcconfig; name = "Pods-BestMovie.debug.xcconfig"; path = "Target Support Files/Pods-BestMovie/Pods-BestMovie.debug.xcconfig"; sourceTree = "<group>"; };
		69243F3B70335D265BE5093E /* Pods-BestMovie.release.xcconfig */ = {isa = PBXFileReference; includeInIndex = 1; lastKnownFileType = text.xcconfig; name = "Pods-BestMovie.release.xcconfig"; path = "Target Support Files/Pods-BestMovie/Pods-BestMovie.release.xcconfig"; sourceTree = "<group>"; };
		EF292982D598E20E31A81045 /* Pods_BestMovie.framework */ = {isa = PBXFileReference; explicitFileType = wrapper.framework; includeInIndex = 0; path = Pods_BestMovie.framework; sourceTree = BUILT_PRODUCTS_DIR; };
/* End PBXFileReference section */

/* Begin PBXFrameworksBuildPhase section */
		2D40D585238FDEEE00E9D31C /* Frameworks */ = {
			isa = PBXFrameworksBuildPhase;
			buildActionMask = 2147483647;
			files = (
				482A2A39690D7EBDFFC4B0B8 /* Pods_BestMovie.framework in Frameworks */,
			);
			runOnlyForDeploymentPostprocessing = 0;
		};
		2D9E725423EC030200B3B8B8 /* Frameworks */ = {
			isa = PBXFrameworksBuildPhase;
			buildActionMask = 2147483647;
			files = (
			);
			runOnlyForDeploymentPostprocessing = 0;
		};
/* End PBXFrameworksBuildPhase section */

/* Begin PBXGroup section */
		2D40D57F238FDEEE00E9D31C = {
			isa = PBXGroup;
			children = (
				2D40D58A238FDEEE00E9D31C /* BestMovie */,
				2D9E725823EC030200B3B8B8 /* BestMovieTests */,
				2D40D589238FDEEE00E9D31C /* Products */,
				D9CC0DD16CFE36AF91633BCE /* Pods */,
				A6492A9C8AF46DDE6555560E /* Frameworks */,
			);
			sourceTree = "<group>";
		};
		2D40D589238FDEEE00E9D31C /* Products */ = {
			isa = PBXGroup;
			children = (
				2D40D588238FDEEE00E9D31C /* BestMovie.app */,
				2D9E725723EC030200B3B8B8 /* BestMovieTests.xctest */,
			);
			name = Products;
			sourceTree = "<group>";
		};
		2D40D58A238FDEEE00E9D31C /* BestMovie */ = {
			isa = PBXGroup;
			children = (
				2D523DF523A22E7C00FCA6DF /* View */,
				2D523DF423A22E6D00FCA6DF /* Controller */,
				2D523DF323A22E5E00FCA6DF /* Model */,
				2D523DF223A22DE500FCA6DF /* SupportingFiles */,
			);
			path = BestMovie;
			sourceTree = "<group>";
		};
		2D523DF223A22DE500FCA6DF /* SupportingFiles */ = {
			isa = PBXGroup;
			children = (
				2D40D58B238FDEEE00E9D31C /* AppDelegate.swift */,
				2D40D592238FDEF100E9D31C /* Assets.xcassets */,
				2D40D594238FDEF100E9D31C /* LaunchScreen.storyboard */,
				2D40D597238FDEF100E9D31C /* Info.plist */,
				2D408F2423D99EE700D019F8 /* File.swift */,
			);
			path = SupportingFiles;
			sourceTree = "<group>";
		};
		2D523DF323A22E5E00FCA6DF /* Model */ = {
			isa = PBXGroup;
			children = (
				2D523DF623A2316600FCA6DF /* MovieService.swift */,
				2D523DF823A23DEA00FCA6DF /* Movie.swift */,
				2D48162423C717F300268971 /* Choice.swift */,
			);
			path = Model;
			sourceTree = "<group>";
		};
		2D523DF423A22E6D00FCA6DF /* Controller */ = {
			isa = PBXGroup;
			children = (
				2D40D58D238FDEEE00E9D31C /* ViewController.swift */,
				2DC811D423E32E19000F39C0 /* ContinuationViewController.swift */,
			);
			path = Controller;
			sourceTree = "<group>";
		};
		2D523DF523A22E7C00FCA6DF /* View */ = {
			isa = PBXGroup;
			children = (
				2D40D58F238FDEEE00E9D31C /* Main.storyboard */,
				2D408F2223D9937F00D019F8 /* PosterView.swift */,
			);
			path = View;
			sourceTree = "<group>";
		};
		2D9E725823EC030200B3B8B8 /* BestMovieTests */ = {
			isa = PBXGroup;
			children = (
				2D9E725B23EC030200B3B8B8 /* Info.plist */,
				2D9E726123EC03C300B3B8B8 /* MovieTestCase.swift */,
				2DE75AD123F010A30023BB72 /* ChoiceTestCase.swift */,
			);
			path = BestMovieTests;
			sourceTree = "<group>";
		};
		A6492A9C8AF46DDE6555560E /* Frameworks */ = {
			isa = PBXGroup;
			children = (
				EF292982D598E20E31A81045 /* Pods_BestMovie.framework */,
			);
			name = Frameworks;
			sourceTree = "<group>";
		};
		D9CC0DD16CFE36AF91633BCE /* Pods */ = {
			isa = PBXGroup;
			children = (
				4C8799CB758DEA48C539EAE7 /* Pods-BestMovie.debug.xcconfig */,
				69243F3B70335D265BE5093E /* Pods-BestMovie.release.xcconfig */,
			);
			path = Pods;
			sourceTree = "<group>";
		};
/* End PBXGroup section */

/* Begin PBXNativeTarget section */
		2D40D587238FDEEE00E9D31C /* BestMovie */ = {
			isa = PBXNativeTarget;
			buildConfigurationList = 2D40D59A238FDEF100E9D31C /* Build configuration list for PBXNativeTarget "BestMovie" */;
			buildPhases = (
				B5798D9429F42BC42CA8BED8 /* [CP] Check Pods Manifest.lock */,
				2D40D584238FDEEE00E9D31C /* Sources */,
				2D40D585238FDEEE00E9D31C /* Frameworks */,
				2D40D586238FDEEE00E9D31C /* Resources */,
				ADFB528310A85FA741CF443F /* [CP] Embed Pods Frameworks */,
			);
			buildRules = (
			);
			dependencies = (
			);
			name = BestMovie;
			productName = BestMovie;
			productReference = 2D40D588238FDEEE00E9D31C /* BestMovie.app */;
			productType = "com.apple.product-type.application";
		};
		2D9E725623EC030200B3B8B8 /* BestMovieTests */ = {
			isa = PBXNativeTarget;
			buildConfigurationList = 2D9E725E23EC030200B3B8B8 /* Build configuration list for PBXNativeTarget "BestMovieTests" */;
			buildPhases = (
				2D9E725323EC030200B3B8B8 /* Sources */,
				2D9E725423EC030200B3B8B8 /* Frameworks */,
				2D9E725523EC030200B3B8B8 /* Resources */,
			);
			buildRules = (
			);
			dependencies = (
				2D9E725D23EC030200B3B8B8 /* PBXTargetDependency */,
			);
			name = BestMovieTests;
			productName = BestMovieTests;
			productReference = 2D9E725723EC030200B3B8B8 /* BestMovieTests.xctest */;
			productType = "com.apple.product-type.bundle.unit-test";
		};
/* End PBXNativeTarget section */

/* Begin PBXProject section */
		2D40D580238FDEEE00E9D31C /* Project object */ = {
			isa = PBXProject;
			attributes = {
				LastSwiftUpdateCheck = 1010;
				LastUpgradeCheck = 1010;
				ORGANIZATIONNAME = "Laure Compoint";
				TargetAttributes = {
					2D40D587238FDEEE00E9D31C = {
						CreatedOnToolsVersion = 10.1;
					};
					2D9E725623EC030200B3B8B8 = {
						CreatedOnToolsVersion = 10.1;
						LastSwiftMigration = 1010;
						TestTargetID = 2D40D587238FDEEE00E9D31C;
					};
				};
			};
			buildConfigurationList = 2D40D583238FDEEE00E9D31C /* Build configuration list for PBXProject "BestMovie" */;
			compatibilityVersion = "Xcode 9.3";
			developmentRegion = en;
			hasScannedForEncodings = 0;
			knownRegions = (
				en,
				Base,
			);
			mainGroup = 2D40D57F238FDEEE00E9D31C;
			productRefGroup = 2D40D589238FDEEE00E9D31C /* Products */;
			projectDirPath = "";
			projectRoot = "";
			targets = (
				2D40D587238FDEEE00E9D31C /* BestMovie */,
				2D9E725623EC030200B3B8B8 /* BestMovieTests */,
			);
		};
/* End PBXProject section */

/* Begin PBXResourcesBuildPhase section */
		2D40D586238FDEEE00E9D31C /* Resources */ = {
			isa = PBXResourcesBuildPhase;
			buildActionMask = 2147483647;
			files = (
				2D40D596238FDEF100E9D31C /* LaunchScreen.storyboard in Resources */,
				2D40D593238FDEF100E9D31C /* Assets.xcassets in Resources */,
				2D40D591238FDEEE00E9D31C /* Main.storyboard in Resources */,
			);
			runOnlyForDeploymentPostprocessing = 0;
		};
		2D9E725523EC030200B3B8B8 /* Resources */ = {
			isa = PBXResourcesBuildPhase;
			buildActionMask = 2147483647;
			files = (
			);
			runOnlyForDeploymentPostprocessing = 0;
		};
/* End PBXResourcesBuildPhase section */

/* Begin PBXShellScriptBuildPhase section */
		ADFB528310A85FA741CF443F /* [CP] Embed Pods Frameworks */ = {
			isa = PBXShellScriptBuildPhase;
			buildActionMask = 2147483647;
			files = (
			);
			inputFileListPaths = (
				"${PODS_ROOT}/Target Support Files/Pods-BestMovie/Pods-BestMovie-frameworks-${CONFIGURATION}-input-files.xcfilelist",
			);
			name = "[CP] Embed Pods Frameworks";
			outputFileListPaths = (
				"${PODS_ROOT}/Target Support Files/Pods-BestMovie/Pods-BestMovie-frameworks-${CONFIGURATION}-output-files.xcfilelist",
			);
			runOnlyForDeploymentPostprocessing = 0;
			shellPath = /bin/sh;
			shellScript = "\"${PODS_ROOT}/Target Support Files/Pods-BestMovie/Pods-BestMovie-frameworks.sh\"\n";
			showEnvVarsInLog = 0;
		};
		B5798D9429F42BC42CA8BED8 /* [CP] Check Pods Manifest.lock */ = {
			isa = PBXShellScriptBuildPhase;
			buildActionMask = 2147483647;
			files = (
			);
			inputFileListPaths = (
			);
			inputPaths = (
				"${PODS_PODFILE_DIR_PATH}/Podfile.lock",
				"${PODS_ROOT}/Manifest.lock",
			);
			name = "[CP] Check Pods Manifest.lock";
			outputFileListPaths = (
			);
			outputPaths = (
				"$(DERIVED_FILE_DIR)/Pods-BestMovie-checkManifestLockResult.txt",
			);
			runOnlyForDeploymentPostprocessing = 0;
			shellPath = /bin/sh;
			shellScript = "diff \"${PODS_PODFILE_DIR_PATH}/Podfile.lock\" \"${PODS_ROOT}/Manifest.lock\" > /dev/null\nif [ $? != 0 ] ; then\n    # print error to STDERR\n    echo \"error: The sandbox is not in sync with the Podfile.lock. Run 'pod install' or update your CocoaPods installation.\" >&2\n    exit 1\nfi\n# This output is used by Xcode 'outputs' to avoid re-running this script phase.\necho \"SUCCESS\" > \"${SCRIPT_OUTPUT_FILE_0}\"\n";
			showEnvVarsInLog = 0;
		};
/* End PBXShellScriptBuildPhase section */

/* Begin PBXSourcesBuildPhase section */
		2D40D584238FDEEE00E9D31C /* Sources */ = {
			isa = PBXSourcesBuildPhase;
			buildActionMask = 2147483647;
			files = (
				2D523DF723A2316600FCA6DF /* MovieService.swift in Sources */,
				2D48162523C717F300268971 /* Choice.swift in Sources */,
				2DC811D523E32E19000F39C0 /* ContinuationViewController.swift in Sources */,
				2D408F2523D99EE700D019F8 /* File.swift in Sources */,
				2D40D58E238FDEEE00E9D31C /* ViewController.swift in Sources */,
				2D523DF923A23DEA00FCA6DF /* Movie.swift in Sources */,
				2D40D58C238FDEEE00E9D31C /* AppDelegate.swift in Sources */,
				2D408F2323D9937F00D019F8 /* PosterView.swift in Sources */,
			);
			runOnlyForDeploymentPostprocessing = 0;
		};
		2D9E725323EC030200B3B8B8 /* Sources */ = {
			isa = PBXSourcesBuildPhase;
			buildActionMask = 2147483647;
			files = (
				2DE75AD223F010A30023BB72 /* ChoiceTestCase.swift in Sources */,
				2D9E726223EC03C300B3B8B8 /* MovieTestCase.swift in Sources */,
			);
			runOnlyForDeploymentPostprocessing = 0;
		};
/* End PBXSourcesBuildPhase section */

/* Begin PBXTargetDependency section */
		2D9E725D23EC030200B3B8B8 /* PBXTargetDependency */ = {
			isa = PBXTargetDependency;
			target = 2D40D587238FDEEE00E9D31C /* BestMovie */;
			targetProxy = 2D9E725C23EC030200B3B8B8 /* PBXContainerItemProxy */;
		};
/* End PBXTargetDependency section */

/* Begin PBXVariantGroup section */
		2D40D58F238FDEEE00E9D31C /* Main.storyboard */ = {
			isa = PBXVariantGroup;
			children = (
				2D40D590238FDEEE00E9D31C /* Base */,
			);
			name = Main.storyboard;
			sourceTree = "<group>";
		};
		2D40D594238FDEF100E9D31C /* LaunchScreen.storyboard */ = {
			isa = PBXVariantGroup;
			children = (
				2D40D595238FDEF100E9D31C /* Base */,
			);
			name = LaunchScreen.storyboard;
			sourceTree = "<group>";
		};
/* End PBXVariantGroup section */

/* Begin XCBuildConfiguration section */
		2D40D598238FDEF100E9D31C /* Debug */ = {
			isa = XCBuildConfiguration;
			buildSettings = {
				ALWAYS_SEARCH_USER_PATHS = NO;
				CLANG_ANALYZER_NONNULL = YES;
				CLANG_ANALYZER_NUMBER_OBJECT_CONVERSION = YES_AGGRESSIVE;
				CLANG_CXX_LANGUAGE_STANDARD = "gnu++14";
				CLANG_CXX_LIBRARY = "libc++";
				CLANG_ENABLE_MODULES = YES;
				CLANG_ENABLE_OBJC_ARC = YES;
				CLANG_ENABLE_OBJC_WEAK = YES;
				CLANG_WARN_BLOCK_CAPTURE_AUTORELEASING = YES;
				CLANG_WARN_BOOL_CONVERSION = YES;
				CLANG_WARN_COMMA = YES;
				CLANG_WARN_CONSTANT_CONVERSION = YES;
				CLANG_WARN_DEPRECATED_OBJC_IMPLEMENTATIONS = YES;
				CLANG_WARN_DIRECT_OBJC_ISA_USAGE = YES_ERROR;
				CLANG_WARN_DOCUMENTATION_COMMENTS = YES;
				CLANG_WARN_EMPTY_BODY = YES;
				CLANG_WARN_ENUM_CONVERSION = YES;
				CLANG_WARN_INFINITE_RECURSION = YES;
				CLANG_WARN_INT_CONVERSION = YES;
				CLANG_WARN_NON_LITERAL_NULL_CONVERSION = YES;
				CLANG_WARN_OBJC_IMPLICIT_RETAIN_SELF = YES;
				CLANG_WARN_OBJC_LITERAL_CONVERSION = YES;
				CLANG_WARN_OBJC_ROOT_CLASS = YES_ERROR;
				CLANG_WARN_RANGE_LOOP_ANALYSIS = YES;
				CLANG_WARN_STRICT_PROTOTYPES = YES;
				CLANG_WARN_SUSPICIOUS_MOVE = YES;
				CLANG_WARN_UNGUARDED_AVAILABILITY = YES_AGGRESSIVE;
				CLANG_WARN_UNREACHABLE_CODE = YES;
				CLANG_WARN__DUPLICATE_METHOD_MATCH = YES;
				CODE_SIGN_IDENTITY = "iPhone Developer";
				COPY_PHASE_STRIP = NO;
				DEBUG_INFORMATION_FORMAT = dwarf;
				ENABLE_STRICT_OBJC_MSGSEND = YES;
				ENABLE_TESTABILITY = YES;
				GCC_C_LANGUAGE_STANDARD = gnu11;
				GCC_DYNAMIC_NO_PIC = NO;
				GCC_NO_COMMON_BLOCKS = YES;
				GCC_OPTIMIZATION_LEVEL = 0;
				GCC_PREPROCESSOR_DEFINITIONS = (
					"DEBUG=1",
					"$(inherited)",
				);
				GCC_WARN_64_TO_32_BIT_CONVERSION = YES;
				GCC_WARN_ABOUT_RETURN_TYPE = YES_ERROR;
				GCC_WARN_UNDECLARED_SELECTOR = YES;
				GCC_WARN_UNINITIALIZED_AUTOS = YES_AGGRESSIVE;
				GCC_WARN_UNUSED_FUNCTION = YES;
				GCC_WARN_UNUSED_VARIABLE = YES;
				IPHONEOS_DEPLOYMENT_TARGET = 12.1;
				MTL_ENABLE_DEBUG_INFO = INCLUDE_SOURCE;
				MTL_FAST_MATH = YES;
				ONLY_ACTIVE_ARCH = YES;
				SDKROOT = iphoneos;
				SWIFT_ACTIVE_COMPILATION_CONDITIONS = DEBUG;
				SWIFT_OPTIMIZATION_LEVEL = "-Onone";
			};
			name = Debug;
		};
		2D40D599238FDEF100E9D31C /* Release */ = {
			isa = XCBuildConfiguration;
			buildSettings = {
				ALWAYS_SEARCH_USER_PATHS = NO;
				CLANG_ANALYZER_NONNULL = YES;
				CLANG_ANALYZER_NUMBER_OBJECT_CONVERSION = YES_AGGRESSIVE;
				CLANG_CXX_LANGUAGE_STANDARD = "gnu++14";
				CLANG_CXX_LIBRARY = "libc++";
				CLANG_ENABLE_MODULES = YES;
				CLANG_ENABLE_OBJC_ARC = YES;
				CLANG_ENABLE_OBJC_WEAK = YES;
				CLANG_WARN_BLOCK_CAPTURE_AUTORELEASING = YES;
				CLANG_WARN_BOOL_CONVERSION = YES;
				CLANG_WARN_COMMA = YES;
				CLANG_WARN_CONSTANT_CONVERSION = YES;
				CLANG_WARN_DEPRECATED_OBJC_IMPLEMENTATIONS = YES;
				CLANG_WARN_DIRECT_OBJC_ISA_USAGE = YES_ERROR;
				CLANG_WARN_DOCUMENTATION_COMMENTS = YES;
				CLANG_WARN_EMPTY_BODY = YES;
				CLANG_WARN_ENUM_CONVERSION = YES;
				CLANG_WARN_INFINITE_RECURSION = YES;
				CLANG_WARN_INT_CONVERSION = YES;
				CLANG_WARN_NON_LITERAL_NULL_CONVERSION = YES;
				CLANG_WARN_OBJC_IMPLICIT_RETAIN_SELF = YES;
				CLANG_WARN_OBJC_LITERAL_CONVERSION = YES;
				CLANG_WARN_OBJC_ROOT_CLASS = YES_ERROR;
				CLANG_WARN_RANGE_LOOP_ANALYSIS = YES;
				CLANG_WARN_STRICT_PROTOTYPES = YES;
				CLANG_WARN_SUSPICIOUS_MOVE = YES;
				CLANG_WARN_UNGUARDED_AVAILABILITY = YES_AGGRESSIVE;
				CLANG_WARN_UNREACHABLE_CODE = YES;
				CLANG_WARN__DUPLICATE_METHOD_MATCH = YES;
				CODE_SIGN_IDENTITY = "iPhone Developer";
				COPY_PHASE_STRIP = NO;
				DEBUG_INFORMATION_FORMAT = "dwarf-with-dsym";
				ENABLE_NS_ASSERTIONS = NO;
				ENABLE_STRICT_OBJC_MSGSEND = YES;
				GCC_C_LANGUAGE_STANDARD = gnu11;
				GCC_NO_COMMON_BLOCKS = YES;
				GCC_WARN_64_TO_32_BIT_CONVERSION = YES;
				GCC_WARN_ABOUT_RETURN_TYPE = YES_ERROR;
				GCC_WARN_UNDECLARED_SELECTOR = YES;
				GCC_WARN_UNINITIALIZED_AUTOS = YES_AGGRESSIVE;
				GCC_WARN_UNUSED_FUNCTION = YES;
				GCC_WARN_UNUSED_VARIABLE = YES;
				IPHONEOS_DEPLOYMENT_TARGET = 12.1;
				MTL_ENABLE_DEBUG_INFO = NO;
				MTL_FAST_MATH = YES;
				SDKROOT = iphoneos;
				SWIFT_COMPILATION_MODE = wholemodule;
				SWIFT_OPTIMIZATION_LEVEL = "-O";
				VALIDATE_PRODUCT = YES;
			};
			name = Release;
		};
		2D40D59B238FDEF100E9D31C /* Debug */ = {
			isa = XCBuildConfiguration;
			baseConfigurationReference = 4C8799CB758DEA48C539EAE7 /* Pods-BestMovie.debug.xcconfig */;
			buildSettings = {
				ASSETCATALOG_COMPILER_APPICON_NAME = AppIcon;
				CODE_SIGN_STYLE = Automatic;
				DEVELOPMENT_TEAM = YZ995J5394;
				INFOPLIST_FILE = BestMovie/SupportingFiles/Info.plist;
				IPHONEOS_DEPLOYMENT_TARGET = 11.0;
				LD_RUNPATH_SEARCH_PATHS = (
					"$(inherited)",
					"@executable_path/Frameworks",
				);
				PRODUCT_BUNDLE_IDENTIFIER = fr.Laure.BestMovie;
				PRODUCT_NAME = "$(TARGET_NAME)";
				SWIFT_VERSION = 4.2;
				TARGETED_DEVICE_FAMILY = "1,2";
			};
			name = Debug;
		};
		2D40D59C238FDEF100E9D31C /* Release */ = {
			isa = XCBuildConfiguration;
			baseConfigurationReference = 69243F3B70335D265BE5093E /* Pods-BestMovie.release.xcconfig */;
			buildSettings = {
				ASSETCATALOG_COMPILER_APPICON_NAME = AppIcon;
				CODE_SIGN_STYLE = Automatic;
				DEVELOPMENT_TEAM = YZ995J5394;
				INFOPLIST_FILE = BestMovie/SupportingFiles/Info.plist;
				IPHONEOS_DEPLOYMENT_TARGET = 11.0;
				LD_RUNPATH_SEARCH_PATHS = (
					"$(inherited)",
					"@executable_path/Frameworks",
				);
				PRODUCT_BUNDLE_IDENTIFIER = fr.Laure.BestMovie;
				PRODUCT_NAME = "$(TARGET_NAME)";
				SWIFT_VERSION = 4.2;
				TARGETED_DEVICE_FAMILY = "1,2";
			};
			name = Release;
		};
		2D9E725F23EC030200B3B8B8 /* Debug */ = {
			isa = XCBuildConfiguration;
			buildSettings = {
				BUNDLE_LOADER = "$(TEST_HOST)";
				CLANG_ENABLE_MODULES = YES;
				CODE_SIGN_STYLE = Automatic;
				DEVELOPMENT_TEAM = YZ995J5394;
				INFOPLIST_FILE = BestMovieTests/Info.plist;
				LD_RUNPATH_SEARCH_PATHS = (
					"$(inherited)",
					"@executable_path/Frameworks",
					"@loader_path/Frameworks",
				);
				PRODUCT_BUNDLE_IDENTIFIER = fr.Laure.BestMovieTests;
				PRODUCT_NAME = "$(TARGET_NAME)";
				SWIFT_OPTIMIZATION_LEVEL = "-Onone";
				SWIFT_VERSION = 4.2;
				TARGETED_DEVICE_FAMILY = "1,2";
				TEST_HOST = "$(BUILT_PRODUCTS_DIR)/BestMovie.app/BestMovie";
			};
			name = Debug;
		};
		2D9E726023EC030200B3B8B8 /* Release */ = {
			isa = XCBuildConfiguration;
			buildSettings = {
				BUNDLE_LOADER = "$(TEST_HOST)";
				CLANG_ENABLE_MODULES = YES;
				CODE_SIGN_STYLE = Automatic;
				DEVELOPMENT_TEAM = YZ995J5394;
				INFOPLIST_FILE = BestMovieTests/Info.plist;
				LD_RUNPATH_SEARCH_PATHS = (
					"$(inherited)",
					"@executable_path/Frameworks",
					"@loader_path/Frameworks",
				);
				PRODUCT_BUNDLE_IDENTIFIER = fr.Laure.BestMovieTests;
				PRODUCT_NAME = "$(TARGET_NAME)";
				SWIFT_VERSION = 4.2;
				TARGETED_DEVICE_FAMILY = "1,2";
				TEST_HOST = "$(BUILT_PRODUCTS_DIR)/BestMovie.app/BestMovie";
			};
			name = Release;
		};
/* End XCBuildConfiguration section */

/* Begin XCConfigurationList section */
		2D40D583238FDEEE00E9D31C /* Build configuration list for PBXProject "BestMovie" */ = {
			isa = XCConfigurationList;
			buildConfigurations = (
				2D40D598238FDEF100E9D31C /* Debug */,
				2D40D599238FDEF100E9D31C /* Release */,
			);
			defaultConfigurationIsVisible = 0;
			defaultConfigurationName = Release;
		};
		2D40D59A238FDEF100E9D31C /* Build configuration list for PBXNativeTarget "BestMovie" */ = {
			isa = XCConfigurationList;
			buildConfigurations = (
				2D40D59B238FDEF100E9D31C /* Debug */,
				2D40D59C238FDEF100E9D31C /* Release */,
			);
			defaultConfigurationIsVisible = 0;
			defaultConfigurationName = Release;
		};
		2D9E725E23EC030200B3B8B8 /* Build configuration list for PBXNativeTarget "BestMovieTests" */ = {
			isa = XCConfigurationList;
			buildConfigurations = (
				2D9E725F23EC030200B3B8B8 /* Debug */,
				2D9E726023EC030200B3B8B8 /* Release */,
			);
			defaultConfigurationIsVisible = 0;
			defaultConfigurationName = Release;
		};
/* End XCConfigurationList section */
	};
	rootObject = 2D40D580238FDEEE00E9D31C /* Project object */;
}
